
Microsoft Visual Studio Solution File, Format Version 12.00
# Visual Studio 2015
Project("{FAE04EC0-301F-11D3-BF4B-00C04F79EFBC}") = "SFSHelloWorld", "SFSHelloWorld.csproj", "{58FD6F07-9FB2-18AF-5115-8112B0E5495E}"
EndProject
Global
	GlobalSection(SolutionConfigurationPlatforms) = preSolution
		Debug|Any CPU = Debug|Any CPU
		Release|Any CPU = Release|Any CPU
	EndGlobalSection
	GlobalSection(ProjectConfigurationPlatforms) = postSolution
		{58FD6F07-9FB2-18AF-5115-8112B0E5495E}.Debug|Any CPU.ActiveCfg = Debug|Any CPU
		{58FD6F07-9FB2-18AF-5115-8112B0E5495E}.Debug|Any CPU.Build.0 = Debug|Any CPU
		{58FD6F07-9FB2-18AF-5115-8112B0E5495E}.Release|Any CPU.ActiveCfg = Release|Any CPU
		{58FD6F07-9FB2-18AF-5115-8112B0E5495E}.Release|Any CPU.Build.0 = Release|Any CPU
	EndGlobalSection
	GlobalSection(SolutionProperties) = preSolution
		HideSolutionNode = FALSE
	EndGlobalSection
EndGlobal
